
Microsoft Visual Studio Solution File, Format Version 12.00
# Visual Studio Version 16
VisualStudioVersion = 16.0.31624.102
MinimumVisualStudioVersion = 10.0.40219.1
Project("{FAE04EC0-301F-11D3-BF4B-00C04F79EFBC}") = "Lab2", "Lab2.csproj", "{F0A3A7F2-15E5-40FA-849D-9BDF0CD8186E}"
EndProject
Global
	GlobalSection(SolutionConfigurationPlatforms) = preSolution
		Debug|Any CPU = Debug|Any CPU
		Release|Any CPU = Release|Any CPU
	EndGlobalSection
	GlobalSection(ProjectConfigurationPlatforms) = postSolution
		{F0A3A7F2-15E5-40FA-849D-9BDF0CD8186E}.Debug|Any CPU.ActiveCfg = Debug|Any CPU
		{F0A3A7F2-15E5-40FA-849D-9BDF0CD8186E}.Debug|Any CPU.Build.0 = Debug|Any CPU
		{F0A3A7F2-15E5-40FA-849D-9BDF0CD8186E}.Release|Any CPU.ActiveCfg = Release|Any CPU
		{F0A3A7F2-15E5-40FA-849D-9BDF0CD8186E}.Release|Any CPU.Build.0 = Release|Any CPU
	EndGlobalSection
	GlobalSection(SolutionProperties) = preSolution
		HideSolutionNode = FALSE
	EndGlobalSection
	GlobalSection(ExtensibilityGlobals) = postSolution
		SolutionGuid = {6DBC7FCB-F0A2-4BCA-8990-32B99D53EBDD}
	EndGlobalSection
EndGlobal
