
Microsoft Visual Studio Solution File, Format Version 12.00
# Visual Studio Version 16
VisualStudioVersion = 16.0.31129.286
MinimumVisualStudioVersion = 10.0.40219.1
Project("{FAE04EC0-301F-11D3-BF4B-00C04F79EFBC}") = "WinFormsApp1", "WinFormsApp1.csproj", "{567B8A00-AD83-4F24-9D7D-F3F7FFFB873A}"
EndProject
Global
	GlobalSection(SolutionConfigurationPlatforms) = preSolution
		Debug|Any CPU = Debug|Any CPU
		Release|Any CPU = Release|Any CPU
	EndGlobalSection
	GlobalSection(ProjectConfigurationPlatforms) = postSolution
		{567B8A00-AD83-4F24-9D7D-F3F7FFFB873A}.Debug|Any CPU.ActiveCfg = Debug|Any CPU
		{567B8A00-AD83-4F24-9D7D-F3F7FFFB873A}.Debug|Any CPU.Build.0 = Debug|Any CPU
		{567B8A00-AD83-4F24-9D7D-F3F7FFFB873A}.Release|Any CPU.ActiveCfg = Release|Any CPU
		{567B8A00-AD83-4F24-9D7D-F3F7FFFB873A}.Release|Any CPU.Build.0 = Release|Any CPU
	EndGlobalSection
	GlobalSection(SolutionProperties) = preSolution
		HideSolutionNode = FALSE
	EndGlobalSection
	GlobalSection(ExtensibilityGlobals) = postSolution
		SolutionGuid = {48542A56-9CB5-4736-BC13-81927108F492}
	EndGlobalSection
EndGlobal
